
Microsoft Visual Studio Solution File, Format Version 12.00
# Visual Studio Version 17
VisualStudioVersion = 17.5.33627.172
MinimumVisualStudioVersion = 10.0.40219.1
Project("{8BC9CEB8-8B4A-11D0-8D11-00A0C91BC942}") = "Arreglos_Unicos", "Arreglos_Unicos.vcxproj", "{665A5477-A172-4EB0-9D73-B4FAD048B39A}"
EndProject
Global
	GlobalSection(SolutionConfigurationPlatforms) = preSolution
		Debug|x64 = Debug|x64
		Debug|x86 = Debug|x86
		Release|x64 = Release|x64
		Release|x86 = Release|x86
	EndGlobalSection
	GlobalSection(ProjectConfigurationPlatforms) = postSolution
		{665A5477-A172-4EB0-9D73-B4FAD048B39A}.Debug|x64.ActiveCfg = Debug|x64
		{665A5477-A172-4EB0-9D73-B4FAD048B39A}.Debug|x64.Build.0 = Debug|x64
		{665A5477-A172-4EB0-9D73-B4FAD048B39A}.Debug|x86.ActiveCfg = Debug|Win32
		{665A5477-A172-4EB0-9D73-B4FAD048B39A}.Debug|x86.Build.0 = Debug|Win32
		{665A5477-A172-4EB0-9D73-B4FAD048B39A}.Release|x64.ActiveCfg = Release|x64
		{665A5477-A172-4EB0-9D73-B4FAD048B39A}.Release|x64.Build.0 = Release|x64
		{665A5477-A172-4EB0-9D73-B4FAD048B39A}.Release|x86.ActiveCfg = Release|Win32
		{665A5477-A172-4EB0-9D73-B4FAD048B39A}.Release|x86.Build.0 = Release|Win32
	EndGlobalSection
	GlobalSection(SolutionProperties) = preSolution
		HideSolutionNode = FALSE
	EndGlobalSection
	GlobalSection(ExtensibilityGlobals) = postSolution
		SolutionGuid = {45DB11C7-778E-4F67-B843-6596C1F56369}
	EndGlobalSection
EndGlobal
